
Microsoft Visual Studio Solution File, Format Version 12.00
# Visual Studio Version 17
VisualStudioVersion = 17.2.32630.192
MinimumVisualStudioVersion = 10.0.40219.1
Project("{9A19103F-16F7-4668-BE54-9A1E7A4F7556}") = "DataAccess", "DataAccess\DataAccess.csproj", "{4542EA67-995D-4F77-AEE3-25BDDF8D506E}"
EndProject
Project("{9A19103F-16F7-4668-BE54-9A1E7A4F7556}") = "Business", "Business\Business.csproj", "{5F771377-7C71-4371-A136-84CA78D55956}"
EndProject
Project("{9A19103F-16F7-4668-BE54-9A1E7A4F7556}") = "Entities", "Entities\Entities.csproj", "{15A1A91D-84B6-47CB-97EB-4608E9D864DF}"
EndProject
Project("{9A19103F-16F7-4668-BE54-9A1E7A4F7556}") = "UI", "ConsoleUI\UI.csproj", "{71AAAB13-8422-4E38-8B46-9651381A7A3E}"
EndProject
Global
	GlobalSection(SolutionConfigurationPlatforms) = preSolution
		Debug|Any CPU = Debug|Any CPU
		Release|Any CPU = Release|Any CPU
	EndGlobalSection
	GlobalSection(ProjectConfigurationPlatforms) = postSolution
		{4542EA67-995D-4F77-AEE3-25BDDF8D506E}.Debug|Any CPU.ActiveCfg = Debug|Any CPU
		{4542EA67-995D-4F77-AEE3-25BDDF8D506E}.Debug|Any CPU.Build.0 = Debug|Any CPU
		{4542EA67-995D-4F77-AEE3-25BDDF8D506E}.Release|Any CPU.ActiveCfg = Release|Any CPU
		{4542EA67-995D-4F77-AEE3-25BDDF8D506E}.Release|Any CPU.Build.0 = Release|Any CPU
		{5F771377-7C71-4371-A136-84CA78D55956}.Debug|Any CPU.ActiveCfg = Debug|Any CPU
		{5F771377-7C71-4371-A136-84CA78D55956}.Debug|Any CPU.Build.0 = Debug|Any CPU
		{5F771377-7C71-4371-A136-84CA78D55956}.Release|Any CPU.ActiveCfg = Release|Any CPU
		{5F771377-7C71-4371-A136-84CA78D55956}.Release|Any CPU.Build.0 = Release|Any CPU
		{15A1A91D-84B6-47CB-97EB-4608E9D864DF}.Debug|Any CPU.ActiveCfg = Debug|Any CPU
		{15A1A91D-84B6-47CB-97EB-4608E9D864DF}.Debug|Any CPU.Build.0 = Debug|Any CPU
		{15A1A91D-84B6-47CB-97EB-4608E9D864DF}.Release|Any CPU.ActiveCfg = Release|Any CPU
		{15A1A91D-84B6-47CB-97EB-4608E9D864DF}.Release|Any CPU.Build.0 = Release|Any CPU
		{71AAAB13-8422-4E38-8B46-9651381A7A3E}.Debug|Any CPU.ActiveCfg = Debug|Any CPU
		{71AAAB13-8422-4E38-8B46-9651381A7A3E}.Debug|Any CPU.Build.0 = Debug|Any CPU
		{71AAAB13-8422-4E38-8B46-9651381A7A3E}.Release|Any CPU.ActiveCfg = Release|Any CPU
		{71AAAB13-8422-4E38-8B46-9651381A7A3E}.Release|Any CPU.Build.0 = Release|Any CPU
	EndGlobalSection
	GlobalSection(SolutionProperties) = preSolution
		HideSolutionNode = FALSE
	EndGlobalSection
	GlobalSection(ExtensibilityGlobals) = postSolution
		SolutionGuid = {02795E3A-CCEC-462F-AF35-BF1A4CB7A70A}
	EndGlobalSection
EndGlobal
